Microsoft Visual Studio Solution File, Format Version 12.00
# Visual Studio Version 17
VisualStudioVersion = 17.0.0.0
MinimumVisualStudioVersion = 10.0.40219.1
Project("{FAE04EC0-301F-11D3-BF4B-00C04F79EFBC}") = "SOAPWebServicesCore", "SOAPWebServicesCore\SOAPWebServicesCore.csproj", "{A54B9CE2-BF31-4FA9-9353-249A5A2F3ED5}"
EndProject
Global
	GlobalSection(SolutionConfigurationPlatforms) = preSolution
		Debug|Any CPU = Debug|Any CPU
		Release|Any CPU = Release|Any CPU
	EndGlobalSection
	GlobalSection(ProjectConfigurationPlatforms) = postSolution
		{A54B9CE2-BF31-4FA9-9353-249A5A2F3ED5}.Debug|Any CPU.ActiveCfg = Debug|Any CPU
		{A54B9CE2-BF31-4FA9-9353-249A5A2F3ED5}.Debug|Any CPU.Build.0 = Debug|Any CPU
		{A54B9CE2-BF31-4FA9-9353-249A5A2F3ED5}.Release|Any CPU.ActiveCfg = Release|Any CPU
		{A54B9CE2-BF31-4FA9-9353-249A5A2F3ED5}.Release|Any CPU.Build.0 = Release|Any CPU
	EndGlobalSection
	GlobalSection(SolutionProperties) = preSolution
		HideSolutionNode = FALSE
	EndGlobalSection
	GlobalSection(ExtensibilityGlobals) = postSolution
		SolutionGuid = {B78D4267-9DE1-4A07-8601-F7993B43FC83}
	EndGlobalSection
EndGlobal